
Microsoft Visual Studio Solution File, Format Version 12.00
# Visual Studio Version 17
VisualStudioVersion = 17.1.32421.90
MinimumVisualStudioVersion = 10.0.40219.1
Project("{9A19103F-16F7-4668-BE54-9A1E7A4F7556}") = "Domain", "src\Domain\Domain.csproj", "{D3046835-FD4D-4DD2-9677-0602004FB245}"
EndProject
Project("{9A19103F-16F7-4668-BE54-9A1E7A4F7556}") = "WebUI", "src\WebUI\WebUI.csproj", "{7DDFE222-EACC-49DD-AB66-03978E51A2BC}"
EndProject
Global
	GlobalSection(SolutionConfigurationPlatforms) = preSolution
		Debug|Any CPU = Debug|Any CPU
		Release|Any CPU = Release|Any CPU
	EndGlobalSection
	GlobalSection(ProjectConfigurationPlatforms) = postSolution
		{D3046835-FD4D-4DD2-9677-0602004FB245}.Debug|Any CPU.ActiveCfg = Debug|Any CPU
		{D3046835-FD4D-4DD2-9677-0602004FB245}.Debug|Any CPU.Build.0 = Debug|Any CPU
		{D3046835-FD4D-4DD2-9677-0602004FB245}.Release|Any CPU.ActiveCfg = Release|Any CPU
		{D3046835-FD4D-4DD2-9677-0602004FB245}.Release|Any CPU.Build.0 = Release|Any CPU
		{7DDFE222-EACC-49DD-AB66-03978E51A2BC}.Debug|Any CPU.ActiveCfg = Debug|Any CPU
		{7DDFE222-EACC-49DD-AB66-03978E51A2BC}.Debug|Any CPU.Build.0 = Debug|Any CPU
		{7DDFE222-EACC-49DD-AB66-03978E51A2BC}.Release|Any CPU.ActiveCfg = Release|Any CPU
		{7DDFE222-EACC-49DD-AB66-03978E51A2BC}.Release|Any CPU.Build.0 = Release|Any CPU
	EndGlobalSection
	GlobalSection(SolutionProperties) = preSolution
		HideSolutionNode = FALSE
	EndGlobalSection
	GlobalSection(ExtensibilityGlobals) = postSolution
		SolutionGuid = {C32BE4CC-7A2E-4036-A20C-46E6630B7D1A}
	EndGlobalSection
EndGlobal
